
Microsoft Visual Studio Solution File, Format Version 12.00
# Visual Studio Version 17
VisualStudioVersion = 17.8.34511.84
MinimumVisualStudioVersion = 10.0.40219.1
Project("{9A19103F-16F7-4668-BE54-9A1E7A4F7556}") = "MongoDbService", "MongoDbService\MongoDbService.csproj", "{6A4D00B0-8677-44BA-BDC6-0691F1C22D42}"
EndProject
Project("{2150E333-8FDC-42A3-9474-1A3956D46DE8}") = "SolutionFiles", "SolutionFiles", "{55AFCFE8-0DDE-4C00-B6AD-C3581BADE89E}"
	ProjectSection(SolutionItems) = preProject
		.gitignore = .gitignore
		LICENSE = LICENSE
		README.md = README.md
		.github\workflows\release.yml = .github\workflows\release.yml
	EndProjectSection
EndProject
Project("{FAE04EC0-301F-11D3-BF4B-00C04F79EFBC}") = "MongoDbService.Tests", "MongoDbService.Tests\MongoDbService.Tests.csproj", "{02908846-0430-4500-B8EF-24E2BC49479C}"
EndProject
Global
	GlobalSection(SolutionConfigurationPlatforms) = preSolution
		Debug|Any CPU = Debug|Any CPU
		Debug|x64 = Debug|x64
		Debug|x86 = Debug|x86
		Release|Any CPU = Release|Any CPU
		Release|x64 = Release|x64
		Release|x86 = Release|x86
	EndGlobalSection
	GlobalSection(ProjectConfigurationPlatforms) = postSolution
		{6A4D00B0-8677-44BA-BDC6-0691F1C22D42}.Debug|Any CPU.ActiveCfg = Debug|Any CPU
		{6A4D00B0-8677-44BA-BDC6-0691F1C22D42}.Debug|Any CPU.Build.0 = Debug|Any CPU
		{6A4D00B0-8677-44BA-BDC6-0691F1C22D42}.Debug|x64.ActiveCfg = Debug|Any CPU
		{6A4D00B0-8677-44BA-BDC6-0691F1C22D42}.Debug|x64.Build.0 = Debug|Any CPU
		{6A4D00B0-8677-44BA-BDC6-0691F1C22D42}.Debug|x86.ActiveCfg = Debug|Any CPU
		{6A4D00B0-8677-44BA-BDC6-0691F1C22D42}.Debug|x86.Build.0 = Debug|Any CPU
		{6A4D00B0-8677-44BA-BDC6-0691F1C22D42}.Release|Any CPU.ActiveCfg = Release|Any CPU
		{6A4D00B0-8677-44BA-BDC6-0691F1C22D42}.Release|Any CPU.Build.0 = Release|Any CPU
		{6A4D00B0-8677-44BA-BDC6-0691F1C22D42}.Release|x64.ActiveCfg = Release|Any CPU
		{6A4D00B0-8677-44BA-BDC6-0691F1C22D42}.Release|x64.Build.0 = Release|Any CPU
		{6A4D00B0-8677-44BA-BDC6-0691F1C22D42}.Release|x86.ActiveCfg = Release|Any CPU
		{6A4D00B0-8677-44BA-BDC6-0691F1C22D42}.Release|x86.Build.0 = Release|Any CPU
		{02908846-0430-4500-B8EF-24E2BC49479C}.Debug|Any CPU.ActiveCfg = Debug|Any CPU
		{02908846-0430-4500-B8EF-24E2BC49479C}.Debug|Any CPU.Build.0 = Debug|Any CPU
		{02908846-0430-4500-B8EF-24E2BC49479C}.Debug|x64.ActiveCfg = Debug|Any CPU
		{02908846-0430-4500-B8EF-24E2BC49479C}.Debug|x64.Build.0 = Debug|Any CPU
		{02908846-0430-4500-B8EF-24E2BC49479C}.Debug|x86.ActiveCfg = Debug|Any CPU
		{02908846-0430-4500-B8EF-24E2BC49479C}.Debug|x86.Build.0 = Debug|Any CPU
		{02908846-0430-4500-B8EF-24E2BC49479C}.Release|Any CPU.ActiveCfg = Release|Any CPU
		{02908846-0430-4500-B8EF-24E2BC49479C}.Release|Any CPU.Build.0 = Release|Any CPU
		{02908846-0430-4500-B8EF-24E2BC49479C}.Release|x64.ActiveCfg = Release|Any CPU
		{02908846-0430-4500-B8EF-24E2BC49479C}.Release|x64.Build.0 = Release|Any CPU
		{02908846-0430-4500-B8EF-24E2BC49479C}.Release|x86.ActiveCfg = Release|Any CPU
		{02908846-0430-4500-B8EF-24E2BC49479C}.Release|x86.Build.0 = Release|Any CPU
	EndGlobalSection
	GlobalSection(SolutionProperties) = preSolution
		HideSolutionNode = FALSE
	EndGlobalSection
	GlobalSection(ExtensibilityGlobals) = postSolution
		SolutionGuid = {D15B9E62-4A1C-468D-8714-48C5D189E866}
	EndGlobalSection
EndGlobal
